
Microsoft Visual Studio Solution File, Format Version 12.00
# Visual Studio Version 16
VisualStudioVersion = 16.0.29411.108
MinimumVisualStudioVersion = 10.0.40219.1
Project("{9A19103F-16F7-4668-BE54-9A1E7A4F7556}") = "01. Day of Week", "01. Day of Week\01. Day of Week.csproj", "{DD204654-C64F-42BC-A6E9-F80ACE909B43}"
EndProject
Project("{9A19103F-16F7-4668-BE54-9A1E7A4F7556}") = "02. Randomize Words", "02. Randomize Words\02. Randomize Words.csproj", "{D1ADC221-3B19-4B96-9A8E-1DDDFFDB5DCE}"
EndProject
Project("{FAE04EC0-301F-11D3-BF4B-00C04F79EFBC}") = "Demo", "Demo\Demo.csproj", "{4129F6CD-B555-4BFA-983B-66B8095B248B}"
EndProject
Project("{FAE04EC0-301F-11D3-BF4B-00C04F79EFBC}") = "03. Big Factorial", "03. Big Factorial\03. Big Factorial.csproj", "{D829CF2C-D0DC-43A3-B3D2-1FE2A331DEA9}"
EndProject
Project("{FAE04EC0-301F-11D3-BF4B-00C04F79EFBC}") = "04. Songs", "04. Songs\04. Songs.csproj", "{785ABB0A-7CF6-4F3D-BA4C-E3074BAF15B1}"
EndProject
Global
	GlobalSection(SolutionConfigurationPlatforms) = preSolution
		Debug|Any CPU = Debug|Any CPU
		Release|Any CPU = Release|Any CPU
	EndGlobalSection
	GlobalSection(ProjectConfigurationPlatforms) = postSolution
		{DD204654-C64F-42BC-A6E9-F80ACE909B43}.Debug|Any CPU.ActiveCfg = Debug|Any CPU
		{DD204654-C64F-42BC-A6E9-F80ACE909B43}.Debug|Any CPU.Build.0 = Debug|Any CPU
		{DD204654-C64F-42BC-A6E9-F80ACE909B43}.Release|Any CPU.ActiveCfg = Release|Any CPU
		{DD204654-C64F-42BC-A6E9-F80ACE909B43}.Release|Any CPU.Build.0 = Release|Any CPU
		{D1ADC221-3B19-4B96-9A8E-1DDDFFDB5DCE}.Debug|Any CPU.ActiveCfg = Debug|Any CPU
		{D1ADC221-3B19-4B96-9A8E-1DDDFFDB5DCE}.Debug|Any CPU.Build.0 = Debug|Any CPU
		{D1ADC221-3B19-4B96-9A8E-1DDDFFDB5DCE}.Release|Any CPU.ActiveCfg = Release|Any CPU
		{D1ADC221-3B19-4B96-9A8E-1DDDFFDB5DCE}.Release|Any CPU.Build.0 = Release|Any CPU
		{4129F6CD-B555-4BFA-983B-66B8095B248B}.Debug|Any CPU.ActiveCfg = Debug|Any CPU
		{4129F6CD-B555-4BFA-983B-66B8095B248B}.Debug|Any CPU.Build.0 = Debug|Any CPU
		{4129F6CD-B555-4BFA-983B-66B8095B248B}.Release|Any CPU.ActiveCfg = Release|Any CPU
		{4129F6CD-B555-4BFA-983B-66B8095B248B}.Release|Any CPU.Build.0 = Release|Any CPU
		{D829CF2C-D0DC-43A3-B3D2-1FE2A331DEA9}.Debug|Any CPU.ActiveCfg = Debug|Any CPU
		{D829CF2C-D0DC-43A3-B3D2-1FE2A331DEA9}.Debug|Any CPU.Build.0 = Debug|Any CPU
		{D829CF2C-D0DC-43A3-B3D2-1FE2A331DEA9}.Release|Any CPU.ActiveCfg = Release|Any CPU
		{D829CF2C-D0DC-43A3-B3D2-1FE2A331DEA9}.Release|Any CPU.Build.0 = Release|Any CPU
		{785ABB0A-7CF6-4F3D-BA4C-E3074BAF15B1}.Debug|Any CPU.ActiveCfg = Debug|Any CPU
		{785ABB0A-7CF6-4F3D-BA4C-E3074BAF15B1}.Debug|Any CPU.Build.0 = Debug|Any CPU
		{785ABB0A-7CF6-4F3D-BA4C-E3074BAF15B1}.Release|Any CPU.ActiveCfg = Release|Any CPU
		{785ABB0A-7CF6-4F3D-BA4C-E3074BAF15B1}.Release|Any CPU.Build.0 = Release|Any CPU
	EndGlobalSection
	GlobalSection(SolutionProperties) = preSolution
		HideSolutionNode = FALSE
	EndGlobalSection
	GlobalSection(ExtensibilityGlobals) = postSolution
		SolutionGuid = {6F590B30-E17E-4928-BE28-98B177418E3B}
	EndGlobalSection
EndGlobal
