
Microsoft Visual Studio Solution File, Format Version 12.00
# Visual Studio Version 16
VisualStudioVersion = 16.0.29411.108
MinimumVisualStudioVersion = 10.0.40219.1
Project("{9A19103F-16F7-4668-BE54-9A1E7A4F7556}") = "Giftbox Coverage", "Giftbox Coverage\Giftbox Coverage.csproj", "{3C9F85CF-E17F-4C27-80AE-B2E80A37930A}"
EndProject
Project("{FAE04EC0-301F-11D3-BF4B-00C04F79EFBC}") = "Tasks Planner", "Tasks Planner\Tasks Planner.csproj", "{FA02A7EB-E569-43AF-B573-758D3B372EC2}"
EndProject
Project("{FAE04EC0-301F-11D3-BF4B-00C04F79EFBC}") = "Froggy Squad", "Froggy Squad\Froggy Squad.csproj", "{B30CF33A-2BF9-4AC8-A725-1D8D6041D7E1}"
EndProject
Global
	GlobalSection(SolutionConfigurationPlatforms) = preSolution
		Debug|Any CPU = Debug|Any CPU
		Release|Any CPU = Release|Any CPU
	EndGlobalSection
	GlobalSection(ProjectConfigurationPlatforms) = postSolution
		{3C9F85CF-E17F-4C27-80AE-B2E80A37930A}.Debug|Any CPU.ActiveCfg = Debug|Any CPU
		{3C9F85CF-E17F-4C27-80AE-B2E80A37930A}.Debug|Any CPU.Build.0 = Debug|Any CPU
		{3C9F85CF-E17F-4C27-80AE-B2E80A37930A}.Release|Any CPU.ActiveCfg = Release|Any CPU
		{3C9F85CF-E17F-4C27-80AE-B2E80A37930A}.Release|Any CPU.Build.0 = Release|Any CPU
		{FA02A7EB-E569-43AF-B573-758D3B372EC2}.Debug|Any CPU.ActiveCfg = Debug|Any CPU
		{FA02A7EB-E569-43AF-B573-758D3B372EC2}.Debug|Any CPU.Build.0 = Debug|Any CPU
		{FA02A7EB-E569-43AF-B573-758D3B372EC2}.Release|Any CPU.ActiveCfg = Release|Any CPU
		{FA02A7EB-E569-43AF-B573-758D3B372EC2}.Release|Any CPU.Build.0 = Release|Any CPU
		{B30CF33A-2BF9-4AC8-A725-1D8D6041D7E1}.Debug|Any CPU.ActiveCfg = Debug|Any CPU
		{B30CF33A-2BF9-4AC8-A725-1D8D6041D7E1}.Debug|Any CPU.Build.0 = Debug|Any CPU
		{B30CF33A-2BF9-4AC8-A725-1D8D6041D7E1}.Release|Any CPU.ActiveCfg = Release|Any CPU
		{B30CF33A-2BF9-4AC8-A725-1D8D6041D7E1}.Release|Any CPU.Build.0 = Release|Any CPU
	EndGlobalSection
	GlobalSection(SolutionProperties) = preSolution
		HideSolutionNode = FALSE
	EndGlobalSection
	GlobalSection(ExtensibilityGlobals) = postSolution
		SolutionGuid = {38B06F73-65DE-4FAE-8C24-3D39516E4EC4}
	EndGlobalSection
EndGlobal
