
Microsoft Visual Studio Solution File, Format Version 12.00
# Visual Studio Version 16
VisualStudioVersion = 16.0.29411.108
MinimumVisualStudioVersion = 10.0.40219.1
Project("{9A19103F-16F7-4668-BE54-9A1E7A4F7556}") = "01. Count Real Numbers", "01. Count Real Numbers\01. Count Real Numbers.csproj", "{40F5A545-CC13-4B54-8BC7-4A7936BD4CD8}"
EndProject
Project("{9A19103F-16F7-4668-BE54-9A1E7A4F7556}") = "02. Odd Occurrences", "02. Odd Occurrences\02. Odd Occurrences.csproj", "{131D0819-2929-4408-BF57-AAF59A8D5E58}"
EndProject
Project("{FAE04EC0-301F-11D3-BF4B-00C04F79EFBC}") = "03. Word Synonyms", "03. Word Synonyms\03. Word Synonyms.csproj", "{8C5F7FD0-6693-4AF4-B6E0-8119345CA9A9}"
EndProject
Project("{FAE04EC0-301F-11D3-BF4B-00C04F79EFBC}") = "04. Largest 3 Numbers", "04. Largest 3 Numbers\04. Largest 3 Numbers.csproj", "{AE5B2F14-D3C7-4EC6-A5AF-23446C324E91}"
EndProject
Project("{FAE04EC0-301F-11D3-BF4B-00C04F79EFBC}") = "05. Word Filter", "05. Word Filter\05. Word Filter.csproj", "{80CF640D-E561-4CBF-91C2-CF5DF2C0BB7F}"
EndProject
Global
	GlobalSection(SolutionConfigurationPlatforms) = preSolution
		Debug|Any CPU = Debug|Any CPU
		Release|Any CPU = Release|Any CPU
	EndGlobalSection
	GlobalSection(ProjectConfigurationPlatforms) = postSolution
		{40F5A545-CC13-4B54-8BC7-4A7936BD4CD8}.Debug|Any CPU.ActiveCfg = Debug|Any CPU
		{40F5A545-CC13-4B54-8BC7-4A7936BD4CD8}.Debug|Any CPU.Build.0 = Debug|Any CPU
		{40F5A545-CC13-4B54-8BC7-4A7936BD4CD8}.Release|Any CPU.ActiveCfg = Release|Any CPU
		{40F5A545-CC13-4B54-8BC7-4A7936BD4CD8}.Release|Any CPU.Build.0 = Release|Any CPU
		{131D0819-2929-4408-BF57-AAF59A8D5E58}.Debug|Any CPU.ActiveCfg = Debug|Any CPU
		{131D0819-2929-4408-BF57-AAF59A8D5E58}.Debug|Any CPU.Build.0 = Debug|Any CPU
		{131D0819-2929-4408-BF57-AAF59A8D5E58}.Release|Any CPU.ActiveCfg = Release|Any CPU
		{131D0819-2929-4408-BF57-AAF59A8D5E58}.Release|Any CPU.Build.0 = Release|Any CPU
		{8C5F7FD0-6693-4AF4-B6E0-8119345CA9A9}.Debug|Any CPU.ActiveCfg = Debug|Any CPU
		{8C5F7FD0-6693-4AF4-B6E0-8119345CA9A9}.Debug|Any CPU.Build.0 = Debug|Any CPU
		{8C5F7FD0-6693-4AF4-B6E0-8119345CA9A9}.Release|Any CPU.ActiveCfg = Release|Any CPU
		{8C5F7FD0-6693-4AF4-B6E0-8119345CA9A9}.Release|Any CPU.Build.0 = Release|Any CPU
		{AE5B2F14-D3C7-4EC6-A5AF-23446C324E91}.Debug|Any CPU.ActiveCfg = Debug|Any CPU
		{AE5B2F14-D3C7-4EC6-A5AF-23446C324E91}.Debug|Any CPU.Build.0 = Debug|Any CPU
		{AE5B2F14-D3C7-4EC6-A5AF-23446C324E91}.Release|Any CPU.ActiveCfg = Release|Any CPU
		{AE5B2F14-D3C7-4EC6-A5AF-23446C324E91}.Release|Any CPU.Build.0 = Release|Any CPU
		{80CF640D-E561-4CBF-91C2-CF5DF2C0BB7F}.Debug|Any CPU.ActiveCfg = Debug|Any CPU
		{80CF640D-E561-4CBF-91C2-CF5DF2C0BB7F}.Debug|Any CPU.Build.0 = Debug|Any CPU
		{80CF640D-E561-4CBF-91C2-CF5DF2C0BB7F}.Release|Any CPU.ActiveCfg = Release|Any CPU
		{80CF640D-E561-4CBF-91C2-CF5DF2C0BB7F}.Release|Any CPU.Build.0 = Release|Any CPU
	EndGlobalSection
	GlobalSection(SolutionProperties) = preSolution
		HideSolutionNode = FALSE
	EndGlobalSection
	GlobalSection(ExtensibilityGlobals) = postSolution
		SolutionGuid = {79DDEEE0-AF13-4931-9BCB-95B995CC6909}
	EndGlobalSection
EndGlobal
