
Microsoft Visual Studio Solution File, Format Version 12.00
# Visual Studio Version 16
VisualStudioVersion = 16.0.29411.108
MinimumVisualStudioVersion = 10.0.40219.1
Project("{FAE04EC0-301F-11D3-BF4B-00C04F79EFBC}") = "02. Message Decrypter", "02. Message Decrypter\02. Message Decrypter.csproj", "{F86DC8C2-A577-4FFD-BF20-FE8D5F0D27DB}"
EndProject
Project("{FAE04EC0-301F-11D3-BF4B-00C04F79EFBC}") = "01. String Manipulator - Group 1", "01. String Manipulator - Group 1\01. String Manipulator - Group 1.csproj", "{20D752C4-FAB9-459A-8D44-E4223E2C0268}"
EndProject
Project("{FAE04EC0-301F-11D3-BF4B-00C04F79EFBC}") = "03. Messages Manager", "03. Messages Manager\03. Messages Manager.csproj", "{78F12485-505E-4F23-B34A-8DE212878AE4}"
EndProject
Global
	GlobalSection(SolutionConfigurationPlatforms) = preSolution
		Debug|Any CPU = Debug|Any CPU
		Release|Any CPU = Release|Any CPU
	EndGlobalSection
	GlobalSection(ProjectConfigurationPlatforms) = postSolution
		{F86DC8C2-A577-4FFD-BF20-FE8D5F0D27DB}.Debug|Any CPU.ActiveCfg = Debug|Any CPU
		{F86DC8C2-A577-4FFD-BF20-FE8D5F0D27DB}.Debug|Any CPU.Build.0 = Debug|Any CPU
		{F86DC8C2-A577-4FFD-BF20-FE8D5F0D27DB}.Release|Any CPU.ActiveCfg = Release|Any CPU
		{F86DC8C2-A577-4FFD-BF20-FE8D5F0D27DB}.Release|Any CPU.Build.0 = Release|Any CPU
		{20D752C4-FAB9-459A-8D44-E4223E2C0268}.Debug|Any CPU.ActiveCfg = Debug|Any CPU
		{20D752C4-FAB9-459A-8D44-E4223E2C0268}.Debug|Any CPU.Build.0 = Debug|Any CPU
		{20D752C4-FAB9-459A-8D44-E4223E2C0268}.Release|Any CPU.ActiveCfg = Release|Any CPU
		{20D752C4-FAB9-459A-8D44-E4223E2C0268}.Release|Any CPU.Build.0 = Release|Any CPU
		{78F12485-505E-4F23-B34A-8DE212878AE4}.Debug|Any CPU.ActiveCfg = Debug|Any CPU
		{78F12485-505E-4F23-B34A-8DE212878AE4}.Debug|Any CPU.Build.0 = Debug|Any CPU
		{78F12485-505E-4F23-B34A-8DE212878AE4}.Release|Any CPU.ActiveCfg = Release|Any CPU
		{78F12485-505E-4F23-B34A-8DE212878AE4}.Release|Any CPU.Build.0 = Release|Any CPU
	EndGlobalSection
	GlobalSection(SolutionProperties) = preSolution
		HideSolutionNode = FALSE
	EndGlobalSection
	GlobalSection(ExtensibilityGlobals) = postSolution
		SolutionGuid = {F38A12E5-05A4-419F-BD6F-3F1D410E3743}
	EndGlobalSection
EndGlobal
