
Microsoft Visual Studio Solution File, Format Version 12.00
# Visual Studio Version 16
VisualStudioVersion = 16.0.29411.108
MinimumVisualStudioVersion = 10.0.40219.1
Project("{FAE04EC0-301F-11D3-BF4B-00C04F79EFBC}") = "01. Black Flag", "01. Black Flag\01. Black Flag.csproj", "{B7025B70-0EF0-4C2D-BF62-9AE9FB8470BD}"
EndProject
Project("{FAE04EC0-301F-11D3-BF4B-00C04F79EFBC}") = "02. Treasure Hunt", "02. Treasure Hunt\02. Treasure Hunt.csproj", "{4C1049FC-15E1-4E07-B151-812E4068ACD4}"
EndProject
Project("{FAE04EC0-301F-11D3-BF4B-00C04F79EFBC}") = "03. Man O War", "03. Man O War\03. Man O War.csproj", "{B9503BF7-B7B6-42E6-839D-92BBA08A1D68}"
EndProject
Global
	GlobalSection(SolutionConfigurationPlatforms) = preSolution
		Debug|Any CPU = Debug|Any CPU
		Release|Any CPU = Release|Any CPU
	EndGlobalSection
	GlobalSection(ProjectConfigurationPlatforms) = postSolution
		{B7025B70-0EF0-4C2D-BF62-9AE9FB8470BD}.Debug|Any CPU.ActiveCfg = Debug|Any CPU
		{B7025B70-0EF0-4C2D-BF62-9AE9FB8470BD}.Debug|Any CPU.Build.0 = Debug|Any CPU
		{B7025B70-0EF0-4C2D-BF62-9AE9FB8470BD}.Release|Any CPU.ActiveCfg = Release|Any CPU
		{B7025B70-0EF0-4C2D-BF62-9AE9FB8470BD}.Release|Any CPU.Build.0 = Release|Any CPU
		{4C1049FC-15E1-4E07-B151-812E4068ACD4}.Debug|Any CPU.ActiveCfg = Debug|Any CPU
		{4C1049FC-15E1-4E07-B151-812E4068ACD4}.Debug|Any CPU.Build.0 = Debug|Any CPU
		{4C1049FC-15E1-4E07-B151-812E4068ACD4}.Release|Any CPU.ActiveCfg = Release|Any CPU
		{4C1049FC-15E1-4E07-B151-812E4068ACD4}.Release|Any CPU.Build.0 = Release|Any CPU
		{B9503BF7-B7B6-42E6-839D-92BBA08A1D68}.Debug|Any CPU.ActiveCfg = Debug|Any CPU
		{B9503BF7-B7B6-42E6-839D-92BBA08A1D68}.Debug|Any CPU.Build.0 = Debug|Any CPU
		{B9503BF7-B7B6-42E6-839D-92BBA08A1D68}.Release|Any CPU.ActiveCfg = Release|Any CPU
		{B9503BF7-B7B6-42E6-839D-92BBA08A1D68}.Release|Any CPU.Build.0 = Release|Any CPU
	EndGlobalSection
	GlobalSection(SolutionProperties) = preSolution
		HideSolutionNode = FALSE
	EndGlobalSection
	GlobalSection(ExtensibilityGlobals) = postSolution
		SolutionGuid = {5F0FB020-38AD-4FD1-B7A5-A84DC01C371D}
	EndGlobalSection
EndGlobal
