
Microsoft Visual Studio Solution File, Format Version 12.00
# Visual Studio Version 16
VisualStudioVersion = 16.0.29411.108
MinimumVisualStudioVersion = 10.0.40219.1
Project("{FAE04EC0-301F-11D3-BF4B-00C04F79EFBC}") = "01. Concert", "01. Concert\01. Concert.csproj", "{7EABEDE3-0DD4-492A-8553-DD4FD7EEEC17}"
EndProject
Project("{FAE04EC0-301F-11D3-BF4B-00C04F79EFBC}") = "02. Song Encryption", "02. Song Encryption\02. Song Encryption.csproj", "{BFF7D7EE-B4EC-4BE5-9F49-E9735D515225}"
EndProject
Global
	GlobalSection(SolutionConfigurationPlatforms) = preSolution
		Debug|Any CPU = Debug|Any CPU
		Release|Any CPU = Release|Any CPU
	EndGlobalSection
	GlobalSection(ProjectConfigurationPlatforms) = postSolution
		{7EABEDE3-0DD4-492A-8553-DD4FD7EEEC17}.Debug|Any CPU.ActiveCfg = Debug|Any CPU
		{7EABEDE3-0DD4-492A-8553-DD4FD7EEEC17}.Debug|Any CPU.Build.0 = Debug|Any CPU
		{7EABEDE3-0DD4-492A-8553-DD4FD7EEEC17}.Release|Any CPU.ActiveCfg = Release|Any CPU
		{7EABEDE3-0DD4-492A-8553-DD4FD7EEEC17}.Release|Any CPU.Build.0 = Release|Any CPU
		{BFF7D7EE-B4EC-4BE5-9F49-E9735D515225}.Debug|Any CPU.ActiveCfg = Debug|Any CPU
		{BFF7D7EE-B4EC-4BE5-9F49-E9735D515225}.Debug|Any CPU.Build.0 = Debug|Any CPU
		{BFF7D7EE-B4EC-4BE5-9F49-E9735D515225}.Release|Any CPU.ActiveCfg = Release|Any CPU
		{BFF7D7EE-B4EC-4BE5-9F49-E9735D515225}.Release|Any CPU.Build.0 = Release|Any CPU
	EndGlobalSection
	GlobalSection(SolutionProperties) = preSolution
		HideSolutionNode = FALSE
	EndGlobalSection
	GlobalSection(ExtensibilityGlobals) = postSolution
		SolutionGuid = {F80B8787-B244-4547-91F3-90CD40F993B3}
	EndGlobalSection
EndGlobal
