
Microsoft Visual Studio Solution File, Format Version 12.00
# Visual Studio Version 16
VisualStudioVersion = 16.0.29411.108
MinimumVisualStudioVersion = 10.0.40219.1
Project("{FAE04EC0-301F-11D3-BF4B-00C04F79EFBC}") = "01. Match Full Name", "01. Match Full Name\01. Match Full Name.csproj", "{3F790B38-334F-48BA-8421-60F374A34ED9}"
EndProject
Project("{FAE04EC0-301F-11D3-BF4B-00C04F79EFBC}") = "02. Match Phone Number", "02. Match Phone Number\02. Match Phone Number.csproj", "{723AC7AA-306D-49EE-B779-B732A8AC224E}"
EndProject
Project("{FAE04EC0-301F-11D3-BF4B-00C04F79EFBC}") = "03. Match Dates", "03. Match Dates\03. Match Dates.csproj", "{73280567-A845-4D2E-99AA-A0B6557CC9AF}"
EndProject
Global
	GlobalSection(SolutionConfigurationPlatforms) = preSolution
		Debug|Any CPU = Debug|Any CPU
		Release|Any CPU = Release|Any CPU
	EndGlobalSection
	GlobalSection(ProjectConfigurationPlatforms) = postSolution
		{3F790B38-334F-48BA-8421-60F374A34ED9}.Debug|Any CPU.ActiveCfg = Debug|Any CPU
		{3F790B38-334F-48BA-8421-60F374A34ED9}.Debug|Any CPU.Build.0 = Debug|Any CPU
		{3F790B38-334F-48BA-8421-60F374A34ED9}.Release|Any CPU.ActiveCfg = Release|Any CPU
		{3F790B38-334F-48BA-8421-60F374A34ED9}.Release|Any CPU.Build.0 = Release|Any CPU
		{723AC7AA-306D-49EE-B779-B732A8AC224E}.Debug|Any CPU.ActiveCfg = Debug|Any CPU
		{723AC7AA-306D-49EE-B779-B732A8AC224E}.Debug|Any CPU.Build.0 = Debug|Any CPU
		{723AC7AA-306D-49EE-B779-B732A8AC224E}.Release|Any CPU.ActiveCfg = Release|Any CPU
		{723AC7AA-306D-49EE-B779-B732A8AC224E}.Release|Any CPU.Build.0 = Release|Any CPU
		{73280567-A845-4D2E-99AA-A0B6557CC9AF}.Debug|Any CPU.ActiveCfg = Debug|Any CPU
		{73280567-A845-4D2E-99AA-A0B6557CC9AF}.Debug|Any CPU.Build.0 = Debug|Any CPU
		{73280567-A845-4D2E-99AA-A0B6557CC9AF}.Release|Any CPU.ActiveCfg = Release|Any CPU
		{73280567-A845-4D2E-99AA-A0B6557CC9AF}.Release|Any CPU.Build.0 = Release|Any CPU
	EndGlobalSection
	GlobalSection(SolutionProperties) = preSolution
		HideSolutionNode = FALSE
	EndGlobalSection
	GlobalSection(ExtensibilityGlobals) = postSolution
		SolutionGuid = {58841FB8-B6BB-48E3-9CBA-2A54F35F7AE3}
	EndGlobalSection
EndGlobal
