
Microsoft Visual Studio Solution File, Format Version 12.00
# Visual Studio Version 16
VisualStudioVersion = 16.0.29411.108
MinimumVisualStudioVersion = 10.0.40219.1
Project("{FAE04EC0-301F-11D3-BF4B-00C04F79EFBC}") = "1. Winning Ticket", "1. Winning Ticket\1. Winning Ticket.csproj", "{838BE438-9A14-4747-84E4-155F39FA3198}"
EndProject
Global
	GlobalSection(SolutionConfigurationPlatforms) = preSolution
		Debug|Any CPU = Debug|Any CPU
		Release|Any CPU = Release|Any CPU
	EndGlobalSection
	GlobalSection(ProjectConfigurationPlatforms) = postSolution
		{838BE438-9A14-4747-84E4-155F39FA3198}.Debug|Any CPU.ActiveCfg = Debug|Any CPU
		{838BE438-9A14-4747-84E4-155F39FA3198}.Debug|Any CPU.Build.0 = Debug|Any CPU
		{838BE438-9A14-4747-84E4-155F39FA3198}.Release|Any CPU.ActiveCfg = Release|Any CPU
		{838BE438-9A14-4747-84E4-155F39FA3198}.Release|Any CPU.Build.0 = Release|Any CPU
	EndGlobalSection
	GlobalSection(SolutionProperties) = preSolution
		HideSolutionNode = FALSE
	EndGlobalSection
	GlobalSection(ExtensibilityGlobals) = postSolution
		SolutionGuid = {0769BE93-7B61-460B-96C4-D161DEF46150}
	EndGlobalSection
EndGlobal
