
Microsoft Visual Studio Solution File, Format Version 12.00
# Visual Studio Version 16
VisualStudioVersion = 16.0.29411.108
MinimumVisualStudioVersion = 10.0.40219.1
Project("{9A19103F-16F7-4668-BE54-9A1E7A4F7556}") = "02. Boss Rush", "02. Boss Rush\02. Boss Rush.csproj", "{12379AFC-93DE-45CD-8827-FA157048AC6F}"
EndProject
Project("{FAE04EC0-301F-11D3-BF4B-00C04F79EFBC}") = "01. Warrior's Quest", "01. Warrior's Quest\01. Warrior's Quest.csproj", "{BD8755AD-E106-4BD9-A949-BDD8FE557B7E}"
EndProject
Project("{FAE04EC0-301F-11D3-BF4B-00C04F79EFBC}") = "03. Hero Recruitment", "03. Hero Recruitment\03. Hero Recruitment.csproj", "{DE162D1A-A12B-4467-8358-72FFF8BB31FA}"
EndProject
Global
	GlobalSection(SolutionConfigurationPlatforms) = preSolution
		Debug|Any CPU = Debug|Any CPU
		Release|Any CPU = Release|Any CPU
	EndGlobalSection
	GlobalSection(ProjectConfigurationPlatforms) = postSolution
		{12379AFC-93DE-45CD-8827-FA157048AC6F}.Debug|Any CPU.ActiveCfg = Debug|Any CPU
		{12379AFC-93DE-45CD-8827-FA157048AC6F}.Debug|Any CPU.Build.0 = Debug|Any CPU
		{12379AFC-93DE-45CD-8827-FA157048AC6F}.Release|Any CPU.ActiveCfg = Release|Any CPU
		{12379AFC-93DE-45CD-8827-FA157048AC6F}.Release|Any CPU.Build.0 = Release|Any CPU
		{BD8755AD-E106-4BD9-A949-BDD8FE557B7E}.Debug|Any CPU.ActiveCfg = Debug|Any CPU
		{BD8755AD-E106-4BD9-A949-BDD8FE557B7E}.Debug|Any CPU.Build.0 = Debug|Any CPU
		{BD8755AD-E106-4BD9-A949-BDD8FE557B7E}.Release|Any CPU.ActiveCfg = Release|Any CPU
		{BD8755AD-E106-4BD9-A949-BDD8FE557B7E}.Release|Any CPU.Build.0 = Release|Any CPU
		{DE162D1A-A12B-4467-8358-72FFF8BB31FA}.Debug|Any CPU.ActiveCfg = Debug|Any CPU
		{DE162D1A-A12B-4467-8358-72FFF8BB31FA}.Debug|Any CPU.Build.0 = Debug|Any CPU
		{DE162D1A-A12B-4467-8358-72FFF8BB31FA}.Release|Any CPU.ActiveCfg = Release|Any CPU
		{DE162D1A-A12B-4467-8358-72FFF8BB31FA}.Release|Any CPU.Build.0 = Release|Any CPU
	EndGlobalSection
	GlobalSection(SolutionProperties) = preSolution
		HideSolutionNode = FALSE
	EndGlobalSection
	GlobalSection(ExtensibilityGlobals) = postSolution
		SolutionGuid = {C173C4CD-60FB-4B32-9AD3-65136E3937D4}
	EndGlobalSection
EndGlobal
