
Microsoft Visual Studio Solution File, Format Version 12.00
# Visual Studio Version 16
VisualStudioVersion = 16.0.29411.108
MinimumVisualStudioVersion = 10.0.40219.1
Project("{FAE04EC0-301F-11D3-BF4B-00C04F79EFBC}") = "01. Encrypt, Sort and Print Array", "01. Encrypt, Sort and Print Array\01. Encrypt, Sort and Print Array.csproj", "{E276377C-893A-4DEB-9C99-5E45B7050125}"
EndProject
Project("{FAE04EC0-301F-11D3-BF4B-00C04F79EFBC}") = "02. Pascal Triangle", "02. Pascal Triangle\02. Pascal Triangle.csproj", "{315CE723-ADE0-408E-8EF4-25BA3BCCD480}"
EndProject
Project("{FAE04EC0-301F-11D3-BF4B-00C04F79EFBC}") = "03. Recursive Fibonacci", "03. Recursive Fibonacci\03. Recursive Fibonacci.csproj", "{60048700-13AB-489D-A629-8319A8ECFD6E}"
EndProject
Project("{FAE04EC0-301F-11D3-BF4B-00C04F79EFBC}") = "04. Fold and Sum", "04. Fold and Sum\04. Fold and Sum.csproj", "{F4806EA5-34D0-465A-A8AB-9A62A8ED3682}"
EndProject
Project("{FAE04EC0-301F-11D3-BF4B-00C04F79EFBC}") = "05. Longest Increasing Subsequence", "05. Longest Increasing Subsequence\05. Longest Increasing Subsequence.csproj", "{B277688C-CDFC-4CE5-93F5-420548E098F0}"
EndProject
Global
	GlobalSection(SolutionConfigurationPlatforms) = preSolution
		Debug|Any CPU = Debug|Any CPU
		Release|Any CPU = Release|Any CPU
	EndGlobalSection
	GlobalSection(ProjectConfigurationPlatforms) = postSolution
		{E276377C-893A-4DEB-9C99-5E45B7050125}.Debug|Any CPU.ActiveCfg = Debug|Any CPU
		{E276377C-893A-4DEB-9C99-5E45B7050125}.Debug|Any CPU.Build.0 = Debug|Any CPU
		{E276377C-893A-4DEB-9C99-5E45B7050125}.Release|Any CPU.ActiveCfg = Release|Any CPU
		{E276377C-893A-4DEB-9C99-5E45B7050125}.Release|Any CPU.Build.0 = Release|Any CPU
		{315CE723-ADE0-408E-8EF4-25BA3BCCD480}.Debug|Any CPU.ActiveCfg = Debug|Any CPU
		{315CE723-ADE0-408E-8EF4-25BA3BCCD480}.Debug|Any CPU.Build.0 = Debug|Any CPU
		{315CE723-ADE0-408E-8EF4-25BA3BCCD480}.Release|Any CPU.ActiveCfg = Release|Any CPU
		{315CE723-ADE0-408E-8EF4-25BA3BCCD480}.Release|Any CPU.Build.0 = Release|Any CPU
		{60048700-13AB-489D-A629-8319A8ECFD6E}.Debug|Any CPU.ActiveCfg = Debug|Any CPU
		{60048700-13AB-489D-A629-8319A8ECFD6E}.Debug|Any CPU.Build.0 = Debug|Any CPU
		{60048700-13AB-489D-A629-8319A8ECFD6E}.Release|Any CPU.ActiveCfg = Release|Any CPU
		{60048700-13AB-489D-A629-8319A8ECFD6E}.Release|Any CPU.Build.0 = Release|Any CPU
		{F4806EA5-34D0-465A-A8AB-9A62A8ED3682}.Debug|Any CPU.ActiveCfg = Debug|Any CPU
		{F4806EA5-34D0-465A-A8AB-9A62A8ED3682}.Debug|Any CPU.Build.0 = Debug|Any CPU
		{F4806EA5-34D0-465A-A8AB-9A62A8ED3682}.Release|Any CPU.ActiveCfg = Release|Any CPU
		{F4806EA5-34D0-465A-A8AB-9A62A8ED3682}.Release|Any CPU.Build.0 = Release|Any CPU
		{B277688C-CDFC-4CE5-93F5-420548E098F0}.Debug|Any CPU.ActiveCfg = Debug|Any CPU
		{B277688C-CDFC-4CE5-93F5-420548E098F0}.Debug|Any CPU.Build.0 = Debug|Any CPU
		{B277688C-CDFC-4CE5-93F5-420548E098F0}.Release|Any CPU.ActiveCfg = Release|Any CPU
		{B277688C-CDFC-4CE5-93F5-420548E098F0}.Release|Any CPU.Build.0 = Release|Any CPU
	EndGlobalSection
	GlobalSection(SolutionProperties) = preSolution
		HideSolutionNode = FALSE
	EndGlobalSection
	GlobalSection(ExtensibilityGlobals) = postSolution
		SolutionGuid = {09350612-74D3-4DEF-B68C-1361416AC605}
	EndGlobalSection
EndGlobal
