
Microsoft Visual Studio Solution File, Format Version 12.00
# Visual Studio Version 16
VisualStudioVersion = 16.0.29411.108
MinimumVisualStudioVersion = 10.0.40219.1
Project("{FAE04EC0-301F-11D3-BF4B-00C04F79EFBC}") = "01. Username", "01. Username\01. Username.csproj", "{FED1F6D2-7EEA-4051-A5FC-DB5F5FE2D163}"
EndProject
Project("{FAE04EC0-301F-11D3-BF4B-00C04F79EFBC}") = "02. Password", "02. Password\02. Password.csproj", "{C96509A8-5C1C-477E-A085-8C178F5191E9}"
EndProject
Project("{FAE04EC0-301F-11D3-BF4B-00C04F79EFBC}") = "03. Followers", "03. Followers\03. Followers.csproj", "{339BF77A-5471-4847-BDEB-BABAE53A5F8A}"
EndProject
Global
	GlobalSection(SolutionConfigurationPlatforms) = preSolution
		Debug|Any CPU = Debug|Any CPU
		Release|Any CPU = Release|Any CPU
	EndGlobalSection
	GlobalSection(ProjectConfigurationPlatforms) = postSolution
		{FED1F6D2-7EEA-4051-A5FC-DB5F5FE2D163}.Debug|Any CPU.ActiveCfg = Debug|Any CPU
		{FED1F6D2-7EEA-4051-A5FC-DB5F5FE2D163}.Debug|Any CPU.Build.0 = Debug|Any CPU
		{FED1F6D2-7EEA-4051-A5FC-DB5F5FE2D163}.Release|Any CPU.ActiveCfg = Release|Any CPU
		{FED1F6D2-7EEA-4051-A5FC-DB5F5FE2D163}.Release|Any CPU.Build.0 = Release|Any CPU
		{C96509A8-5C1C-477E-A085-8C178F5191E9}.Debug|Any CPU.ActiveCfg = Debug|Any CPU
		{C96509A8-5C1C-477E-A085-8C178F5191E9}.Debug|Any CPU.Build.0 = Debug|Any CPU
		{C96509A8-5C1C-477E-A085-8C178F5191E9}.Release|Any CPU.ActiveCfg = Release|Any CPU
		{C96509A8-5C1C-477E-A085-8C178F5191E9}.Release|Any CPU.Build.0 = Release|Any CPU
		{339BF77A-5471-4847-BDEB-BABAE53A5F8A}.Debug|Any CPU.ActiveCfg = Debug|Any CPU
		{339BF77A-5471-4847-BDEB-BABAE53A5F8A}.Debug|Any CPU.Build.0 = Debug|Any CPU
		{339BF77A-5471-4847-BDEB-BABAE53A5F8A}.Release|Any CPU.ActiveCfg = Release|Any CPU
		{339BF77A-5471-4847-BDEB-BABAE53A5F8A}.Release|Any CPU.Build.0 = Release|Any CPU
	EndGlobalSection
	GlobalSection(SolutionProperties) = preSolution
		HideSolutionNode = FALSE
	EndGlobalSection
	GlobalSection(ExtensibilityGlobals) = postSolution
		SolutionGuid = {3A17257E-E36A-4C75-908F-B960F0A46736}
	EndGlobalSection
EndGlobal
