
Microsoft Visual Studio Solution File, Format Version 12.00
# Visual Studio Version 16
VisualStudioVersion = 16.0.29411.108
MinimumVisualStudioVersion = 10.0.40219.1
Project("{FAE04EC0-301F-11D3-BF4B-00C04F79EFBC}") = "01. Furniture", "01. Furniture\01. Furniture.csproj", "{3D477FBB-6CD9-42BB-8A12-88E3EB6FBAF2}"
EndProject
Project("{FAE04EC0-301F-11D3-BF4B-00C04F79EFBC}") = "02. Race", "02. Race\02. Race.csproj", "{2185FCD5-97DF-4620-B6C6-FB0727BE0285}"
EndProject
Global
	GlobalSection(SolutionConfigurationPlatforms) = preSolution
		Debug|Any CPU = Debug|Any CPU
		Release|Any CPU = Release|Any CPU
	EndGlobalSection
	GlobalSection(ProjectConfigurationPlatforms) = postSolution
		{3D477FBB-6CD9-42BB-8A12-88E3EB6FBAF2}.Debug|Any CPU.ActiveCfg = Debug|Any CPU
		{3D477FBB-6CD9-42BB-8A12-88E3EB6FBAF2}.Debug|Any CPU.Build.0 = Debug|Any CPU
		{3D477FBB-6CD9-42BB-8A12-88E3EB6FBAF2}.Release|Any CPU.ActiveCfg = Release|Any CPU
		{3D477FBB-6CD9-42BB-8A12-88E3EB6FBAF2}.Release|Any CPU.Build.0 = Release|Any CPU
		{2185FCD5-97DF-4620-B6C6-FB0727BE0285}.Debug|Any CPU.ActiveCfg = Debug|Any CPU
		{2185FCD5-97DF-4620-B6C6-FB0727BE0285}.Debug|Any CPU.Build.0 = Debug|Any CPU
		{2185FCD5-97DF-4620-B6C6-FB0727BE0285}.Release|Any CPU.ActiveCfg = Release|Any CPU
		{2185FCD5-97DF-4620-B6C6-FB0727BE0285}.Release|Any CPU.Build.0 = Release|Any CPU
	EndGlobalSection
	GlobalSection(SolutionProperties) = preSolution
		HideSolutionNode = FALSE
	EndGlobalSection
	GlobalSection(ExtensibilityGlobals) = postSolution
		SolutionGuid = {EE5D62DE-41B1-4B79-9DBD-516D3AE30DAC}
	EndGlobalSection
EndGlobal
