
Microsoft Visual Studio Solution File, Format Version 12.00
# Visual Studio Version 16
VisualStudioVersion = 16.0.29411.108
MinimumVisualStudioVersion = 10.0.40219.1
Project("{FAE04EC0-301F-11D3-BF4B-00C04F79EFBC}") = "01. Email Validator", "01. Email Validator\01. Email Validator.csproj", "{219F36FF-E465-4B59-A122-B30BFDF9F4D4}"
EndProject
Project("{FAE04EC0-301F-11D3-BF4B-00C04F79EFBC}") = "02. Registration", "02. Registration\02. Registration.csproj", "{176488A4-06E0-45D9-8B74-ABFDF02D12BB}"
EndProject
Project("{FAE04EC0-301F-11D3-BF4B-00C04F79EFBC}") = "03. Inbox Manager", "03. Inbox Manager\03. Inbox Manager.csproj", "{A94F274D-E4EF-45F5-BEE9-E9659B265EB1}"
EndProject
Global
	GlobalSection(SolutionConfigurationPlatforms) = preSolution
		Debug|Any CPU = Debug|Any CPU
		Release|Any CPU = Release|Any CPU
	EndGlobalSection
	GlobalSection(ProjectConfigurationPlatforms) = postSolution
		{219F36FF-E465-4B59-A122-B30BFDF9F4D4}.Debug|Any CPU.ActiveCfg = Debug|Any CPU
		{219F36FF-E465-4B59-A122-B30BFDF9F4D4}.Debug|Any CPU.Build.0 = Debug|Any CPU
		{219F36FF-E465-4B59-A122-B30BFDF9F4D4}.Release|Any CPU.ActiveCfg = Release|Any CPU
		{219F36FF-E465-4B59-A122-B30BFDF9F4D4}.Release|Any CPU.Build.0 = Release|Any CPU
		{176488A4-06E0-45D9-8B74-ABFDF02D12BB}.Debug|Any CPU.ActiveCfg = Debug|Any CPU
		{176488A4-06E0-45D9-8B74-ABFDF02D12BB}.Debug|Any CPU.Build.0 = Debug|Any CPU
		{176488A4-06E0-45D9-8B74-ABFDF02D12BB}.Release|Any CPU.ActiveCfg = Release|Any CPU
		{176488A4-06E0-45D9-8B74-ABFDF02D12BB}.Release|Any CPU.Build.0 = Release|Any CPU
		{A94F274D-E4EF-45F5-BEE9-E9659B265EB1}.Debug|Any CPU.ActiveCfg = Debug|Any CPU
		{A94F274D-E4EF-45F5-BEE9-E9659B265EB1}.Debug|Any CPU.Build.0 = Debug|Any CPU
		{A94F274D-E4EF-45F5-BEE9-E9659B265EB1}.Release|Any CPU.ActiveCfg = Release|Any CPU
		{A94F274D-E4EF-45F5-BEE9-E9659B265EB1}.Release|Any CPU.Build.0 = Release|Any CPU
	EndGlobalSection
	GlobalSection(SolutionProperties) = preSolution
		HideSolutionNode = FALSE
	EndGlobalSection
	GlobalSection(ExtensibilityGlobals) = postSolution
		SolutionGuid = {763F56CA-A984-48E3-9264-CDFC19E2DB14}
	EndGlobalSection
EndGlobal
